{
  "version": 4,
  "terraform_version": "1.3.6",
  "serial": 66,
  "lineage": "4fee7ea6-d20d-c9f7-6d11-9cc2cef428a0",
  "outputs": {},
  "resources": [
    {
      "module": "module.api",
      "mode": "managed",
      "type": "aws_appsync_graphql_api",
      "name": "clock_up_graphql_api",
      "provider": "provider[\"registry.terraform.io/hashicorp/aws\"]",
      "instances": [
        {
          "schema_version": 0,
          "attributes": {
            "additional_authentication_provider": [],
            "arn": "arn:aws:appsync:eu-central-1:092539430872:apis/hxfghnauhzacvps3aalu3ukxqi",
            "authentication_type": "AMAZON_COGNITO_USER_POOLS",
            "id": "hxfghnauhzacvps3aalu3ukxqi",
            "lambda_authorizer_config": [],
            "log_config": [],
            "name": "clock-up-api-dev",
            "openid_connect_config": [],
            "schema": "schema {\r\n  query: Query\r\n  mutation: Mutation\r\n}\r\n\r\nenum ErrorTypes {\r\n  NOT_FOUND\r\n  MALFOMED_INPUT\r\n  INTERNAL_ERROR\r\n  CREATE_FAILED\r\n  UPDATE_FAILED\r\n}\r\n\r\ntype ErrorResponse {\r\n  type: ErrorTypes!\r\n  message: String\r\n  code: Int\r\n}\r\n\r\ninterface ICreatable {\r\n  creator: ID!\r\n}\r\n\r\nenum EntityType {\r\n  USER\r\n  ALARM\r\n}\r\n\r\ntype OperationResponse {\r\n  success: Boolean!\r\n  message: String\r\n}\r\n\r\ninterface ICommon {\r\n  id: ID!\r\n  entityType: EntityType!\r\n  created: AWSDateTime!\r\n  modified: AWSDateTime\r\n  discontinued: Boolean!\r\n}\r\n\r\ntype User implements ICommon {\r\n  id: ID!\r\n  entityType: EntityType!\r\n  created: AWSDateTime!\r\n  modified: AWSDateTime\r\n  discontinued: Boolean!\r\n  email: AWSEmail!\r\n  name: String!\r\n  alarms: Int!\r\n}\r\n\r\ntype Alarm implements ICommon \u0026 ICreatable {\r\n  id: ID!\r\n  entityType: EntityType!\r\n  created: AWSDateTime!\r\n  modified: AWSDateTime\r\n  discontinued: Boolean!\r\n  creator: ID!\r\n  name: String\r\n  enabled: Boolean\r\n  days: [Int!]\r\n  time: AlarmRingTime!\r\n  snooze: AlarmSnoozeSettings!\r\n  onceOff: Boolean\r\n}\r\n\r\ntype AlarmResponse {\r\n  alarm: Alarm!\r\n  creator: User!\r\n}\r\n\r\ntype AlarmRingTime {\r\n  hour: Int!\r\n  minute: Int!\r\n}\r\n\r\ntype AlarmSnoozeSettings {\r\n  duration: Int!\r\n  interval: Int!\r\n}\r\n\r\ninput UpdateUserInput {\r\n  email: AWSEmail\r\n  name: String\r\n}\r\n\r\ninput AlarmRingTimeInput {\r\n  hour: Int!\r\n  minute: Int!\r\n}\r\n\r\ninput AlarmSnoozeSettingsInput {\r\n  duration: Int!\r\n  interval: Int!\r\n}\r\n\r\ninput UpdateAlarmInput {\r\n  id: ID!\r\n  name: String\r\n  enabled: Boolean\r\n  days: [Int!]\r\n  time: AlarmRingTimeInput\r\n  snooze: AlarmSnoozeSettingsInput\r\n  onceOff: Boolean\r\n}\r\n\r\ninput CreateAlarmInput {\r\n  name: String\r\n  enabled: Boolean\r\n  days: [Int!]\r\n  time: AlarmRingTimeInput!\r\n  snooze: AlarmSnoozeSettingsInput!\r\n  onceOff: Boolean\r\n}\r\n\r\nunion OperationOutput = OperationResponse | ErrorResponse\r\nunion UserOutput = User | ErrorResponse\r\nunion AlarmOutput = AlarmResponse | ErrorResponse\r\n\r\ntype Query {\r\n  getProfile: UserOutput! @aws_cognito_user_pools\r\n  getAlarm(id: ID!): Alarm! @aws_cognito_user_pools\r\n}\r\n\r\ntype Mutation {\r\n  updateUser(input: UpdateUserInput!): UserOutput! @aws_cognito_user_pools\r\n  deleteUser: OperationOutput! @aws_cognito_user_pools\r\n  createAlarm(input: CreateAlarmInput!): AlarmOutput! @aws_cognito_user_pools\r\n  updateAlarm(input: UpdateAlarmInput!): AlarmOutput! @aws_cognito_user_pools\r\n}\r\n",
            "tags": {},
            "tags_all": {},
            "uris": {
              "GRAPHQL": "https://obxysnn36ze5zasppq7fyv2jdu.appsync-api.eu-central-1.amazonaws.com/graphql",
              "REALTIME": "wss://obxysnn36ze5zasppq7fyv2jdu.appsync-realtime-api.eu-central-1.amazonaws.com/graphql"
            },
            "user_pool_config": [
              {
                "app_id_client_regex": "",
                "aws_region": "eu-central-1",
                "default_action": "DENY",
                "user_pool_id": "eu-central-1_z0BEwnPkQ"
              }
            ],
            "xray_enabled": false
          },
          "sensitive_attributes": [],
          "private": "bnVsbA==",
          "dependencies": [
            "module.authentication.aws_cognito_user_pool.user_pool"
          ]
        }
      ]
    },
    {
      "module": "module.authentication",
      "mode": "managed",
      "type": "aws_cognito_user_pool",
      "name": "user_pool",
      "provider": "provider[\"registry.terraform.io/hashicorp/aws\"]",
      "instances": [
        {
          "schema_version": 0,
          "attributes": {
            "account_recovery_setting": [],
            "admin_create_user_config": [
              {
                "allow_admin_create_user_only": false,
                "invite_message_template": []
              }
            ],
            "alias_attributes": null,
            "arn": "arn:aws:cognito-idp:eu-central-1:092539430872:userpool/eu-central-1_z0BEwnPkQ",
            "auto_verified_attributes": [],
            "creation_date": "2022-12-11T00:39:44Z",
            "custom_domain": "",
            "deletion_protection": "INACTIVE",
            "device_configuration": [],
            "domain": "",
            "email_configuration": [
              {
                "configuration_set": "",
                "email_sending_account": "COGNITO_DEFAULT",
                "from_email_address": "",
                "reply_to_email_address": "",
                "source_arn": ""
              }
            ],
            "email_verification_message": null,
            "email_verification_subject": null,
            "endpoint": "cognito-idp.eu-central-1.amazonaws.com/eu-central-1_z0BEwnPkQ",
            "estimated_number_of_users": 0,
            "id": "eu-central-1_z0BEwnPkQ",
            "lambda_config": [],
            "last_modified_date": "2022-12-11T00:43:57Z",
            "mfa_configuration": "OFF",
            "name": "clock-up-user-pool-dev",
            "password_policy": [
              {
                "minimum_length": 7,
                "require_lowercase": false,
                "require_numbers": false,
                "require_symbols": false,
                "require_uppercase": false,
                "temporary_password_validity_days": 7
              }
            ],
            "schema": [
              {
                "attribute_data_type": "String",
                "developer_only_attribute": false,
                "mutable": true,
                "name": "name",
                "number_attribute_constraints": [],
                "required": true,
                "string_attribute_constraints": [
                  {
                    "max_length": "256",
                    "min_length": "1"
                  }
                ]
              }
            ],
            "sms_authentication_message": null,
            "sms_configuration": [],
            "sms_verification_message": null,
            "software_token_mfa_configuration": [],
            "tags": {},
            "tags_all": {},
            "user_attribute_update_settings": [],
            "user_pool_add_ons": [],
            "username_attributes": [
              "email"
            ],
            "username_configuration": [],
            "verification_message_template": [
              {
                "default_email_option": "CONFIRM_WITH_CODE",
                "email_message": "",
                "email_message_by_link": "",
                "email_subject": "",
                "email_subject_by_link": "",
                "sms_message": ""
              }
            ]
          },
          "sensitive_attributes": [],
          "private": "bnVsbA=="
        }
      ]
    },
    {
      "module": "module.authentication",
      "mode": "managed",
      "type": "aws_cognito_user_pool_client",
      "name": "user_pool_web_client",
      "provider": "provider[\"registry.terraform.io/hashicorp/aws\"]",
      "instances": [
        {
          "schema_version": 0,
          "attributes": {
            "access_token_validity": 0,
            "allowed_oauth_flows": null,
            "allowed_oauth_flows_user_pool_client": false,
            "allowed_oauth_scopes": null,
            "analytics_configuration": [],
            "auth_session_validity": 3,
            "callback_urls": [],
            "client_secret": "fnbrs839mg7q4792ot3f87171tmq551t8kvo7vbg7fkk2e6aqju",
            "default_redirect_uri": "",
            "enable_propagate_additional_user_context_data": false,
            "enable_token_revocation": true,
            "explicit_auth_flows": [
              "ALLOW_REFRESH_TOKEN_AUTH",
              "ALLOW_USER_PASSWORD_AUTH"
            ],
            "generate_secret": true,
            "id": "3uvdbd2bmg49s88t7fru05hlnu",
            "id_token_validity": 0,
            "logout_urls": [],
            "name": "web",
            "prevent_user_existence_errors": "",
            "read_attributes": null,
            "refresh_token_validity": 30,
            "supported_identity_providers": null,
            "token_validity_units": [],
            "user_pool_id": "eu-central-1_z0BEwnPkQ",
            "write_attributes": null
          },
          "sensitive_attributes": [],
          "private": "bnVsbA==",
          "dependencies": [
            "module.authentication.aws_cognito_user_pool.user_pool"
          ]
        }
      ]
    },
    {
      "module": "module.storage",
      "mode": "managed",
      "type": "aws_dynamodb_table",
      "name": "dynamoDb_table",
      "provider": "provider[\"registry.terraform.io/hashicorp/aws\"]",
      "instances": [
        {
          "schema_version": 1,
          "attributes": {
            "arn": "arn:aws:dynamodb:eu-central-1:092539430872:table/clock-up-table-dev",
            "attribute": [
              {
                "name": "EntityIndexPK",
                "type": "S"
              },
              {
                "name": "EntityIndexSK",
                "type": "S"
              },
              {
                "name": "GSI1_PK",
                "type": "S"
              },
              {
                "name": "GSI1_SK",
                "type": "S"
              },
              {
                "name": "PK",
                "type": "S"
              },
              {
                "name": "SK",
                "type": "S"
              }
            ],
            "billing_mode": "PROVISIONED",
            "global_secondary_index": [
              {
                "hash_key": "EntityIndexPK",
                "name": "EntityIndex",
                "non_key_attributes": [],
                "projection_type": "ALL",
                "range_key": "EntityIndexSK",
                "read_capacity": 1,
                "write_capacity": 1
              },
              {
                "hash_key": "GSI1_PK",
                "name": "GSI1",
                "non_key_attributes": [],
                "projection_type": "ALL",
                "range_key": "GSI1_SK",
                "read_capacity": 1,
                "write_capacity": 1
              }
            ],
            "hash_key": "PK",
            "id": "clock-up-table-dev",
            "local_secondary_index": [],
            "name": "clock-up-table-dev",
            "point_in_time_recovery": [
              {
                "enabled": true
              }
            ],
            "range_key": "SK",
            "read_capacity": 1,
            "replica": [],
            "restore_date_time": null,
            "restore_source_name": null,
            "restore_to_latest_time": null,
            "server_side_encryption": [],
            "stream_arn": "arn:aws:dynamodb:eu-central-1:092539430872:table/clock-up-table-dev/stream/2022-12-11T00:39:44.407",
            "stream_enabled": true,
            "stream_label": "2022-12-11T00:39:44.407",
            "stream_view_type": "NEW_AND_OLD_IMAGES",
            "table_class": "",
            "tags": {},
            "tags_all": {},
            "timeouts": null,
            "ttl": [
              {
                "attribute_name": "ttl",
                "enabled": true
              }
            ],
            "write_capacity": 1
          },
          "sensitive_attributes": [],
          "private": "eyJlMmJmYjczMC1lY2FhLTExZTYtOGY4OC0zNDM2M2JjN2M0YzAiOnsiY3JlYXRlIjoxODAwMDAwMDAwMDAwLCJkZWxldGUiOjYwMDAwMDAwMDAwMCwidXBkYXRlIjozNjAwMDAwMDAwMDAwfSwic2NoZW1hX3ZlcnNpb24iOiIxIn0="
        }
      ]
    },
    {
      "module": "module.storage",
      "mode": "managed",
      "type": "aws_s3_bucket",
      "name": "clock-up-assets-bucket",
      "provider": "provider[\"registry.terraform.io/hashicorp/aws\"]",
      "instances": [
        {
          "schema_version": 0,
          "attributes": {
            "acceleration_status": "",
            "acl": null,
            "arn": "arn:aws:s3:::terraform-20221211003942552800000001",
            "bucket": "terraform-20221211003942552800000001",
            "bucket_domain_name": "terraform-20221211003942552800000001.s3.amazonaws.com",
            "bucket_prefix": null,
            "bucket_regional_domain_name": "terraform-20221211003942552800000001.s3.eu-central-1.amazonaws.com",
            "cors_rule": [
              {
                "allowed_headers": [
                  "*"
                ],
                "allowed_methods": [
                  "POST",
                  "GET",
                  "PUT"
                ],
                "allowed_origins": [
                  "*"
                ],
                "expose_headers": [
                  "ETag"
                ],
                "max_age_seconds": 3000
              }
            ],
            "force_destroy": false,
            "grant": [
              {
                "id": "5c880d47eead37e24b58ea7f5b6856072e74621b6571bfcdff492a3085d849b1",
                "permissions": [
                  "FULL_CONTROL"
                ],
                "type": "CanonicalUser",
                "uri": ""
              }
            ],
            "hosted_zone_id": "Z21DNDUVLTQW6Q",
            "id": "terraform-20221211003942552800000001",
            "lifecycle_rule": [],
            "logging": [],
            "object_lock_configuration": [],
            "object_lock_enabled": false,
            "policy": "",
            "region": "eu-central-1",
            "replication_configuration": [],
            "request_payer": "BucketOwner",
            "server_side_encryption_configuration": [],
            "tags": {
              "Name": "clock-up-assets-bucket-dev"
            },
            "tags_all": {
              "Name": "clock-up-assets-bucket-dev"
            },
            "timeouts": null,
            "versioning": [
              {
                "enabled": false,
                "mfa_delete": false
              }
            ],
            "website": [],
            "website_domain": null,
            "website_endpoint": null
          },
          "sensitive_attributes": [],
          "private": "eyJlMmJmYjczMC1lY2FhLTExZTYtOGY4OC0zNDM2M2JjN2M0YzAiOnsiY3JlYXRlIjoxMjAwMDAwMDAwMDAwLCJkZWxldGUiOjM2MDAwMDAwMDAwMDAsInJlYWQiOjEyMDAwMDAwMDAwMDAsInVwZGF0ZSI6MTIwMDAwMDAwMDAwMH19"
        }
      ]
    },
    {
      "module": "module.storage",
      "mode": "managed",
      "type": "aws_s3_bucket_acl",
      "name": "clock-up-assets-bucket-acl",
      "provider": "provider[\"registry.terraform.io/hashicorp/aws\"]",
      "instances": [
        {
          "schema_version": 0,
          "attributes": {
            "access_control_policy": [
              {
                "grant": [
                  {
                    "grantee": [
                      {
                        "display_name": "",
                        "email_address": "",
                        "id": "5c880d47eead37e24b58ea7f5b6856072e74621b6571bfcdff492a3085d849b1",
                        "type": "CanonicalUser",
                        "uri": ""
                      }
                    ],
                    "permission": "FULL_CONTROL"
                  }
                ],
                "owner": [
                  {
                    "display_name": "",
                    "id": "5c880d47eead37e24b58ea7f5b6856072e74621b6571bfcdff492a3085d849b1"
                  }
                ]
              }
            ],
            "acl": "private",
            "bucket": "terraform-20221211003942552800000001",
            "expected_bucket_owner": "",
            "id": "terraform-20221211003942552800000001,private"
          },
          "sensitive_attributes": [],
          "private": "bnVsbA==",
          "dependencies": [
            "module.storage.aws_s3_bucket.clock-up-assets-bucket"
          ]
        }
      ]
    },
    {
      "module": "module.storage",
      "mode": "managed",
      "type": "aws_s3_bucket_cors_configuration",
      "name": "clock-up-bucket-cors-configuration",
      "provider": "provider[\"registry.terraform.io/hashicorp/aws\"]",
      "instances": [
        {
          "schema_version": 0,
          "attributes": {
            "bucket": "terraform-20221211003942552800000001",
            "cors_rule": [
              {
                "allowed_headers": [
                  "*"
                ],
                "allowed_methods": [
                  "GET",
                  "POST",
                  "PUT"
                ],
                "allowed_origins": [
                  "*"
                ],
                "expose_headers": [
                  "ETag"
                ],
                "id": "",
                "max_age_seconds": 3000
              }
            ],
            "expected_bucket_owner": "",
            "id": "terraform-20221211003942552800000001"
          },
          "sensitive_attributes": [],
          "private": "bnVsbA==",
          "dependencies": [
            "module.storage.aws_s3_bucket.clock-up-assets-bucket"
          ]
        }
      ]
    },
    {
      "module": "module.storage",
      "mode": "managed",
      "type": "aws_ssm_parameter",
      "name": "tableARN",
      "provider": "provider[\"registry.terraform.io/hashicorp/aws\"]",
      "instances": [
        {
          "schema_version": 0,
          "attributes": {
            "allowed_pattern": "",
            "arn": "arn:aws:ssm:eu-central-1:092539430872:parameter/clock-up/dev/table/arn",
            "data_type": "text",
            "description": "",
            "id": "/clock-up/dev/table/arn",
            "insecure_value": null,
            "key_id": "",
            "name": "/clock-up/dev/table/arn",
            "overwrite": null,
            "tags": {},
            "tags_all": {},
            "tier": "Standard",
            "type": "String",
            "value": "arn:aws:dynamodb:eu-central-1:092539430872:table/clock-up-table-dev",
            "version": 1
          },
          "sensitive_attributes": [],
          "private": "bnVsbA==",
          "dependencies": [
            "module.storage.aws_dynamodb_table.dynamoDb_table"
          ]
        }
      ]
    },
    {
      "module": "module.storage",
      "mode": "managed",
      "type": "aws_ssm_parameter",
      "name": "tableName",
      "provider": "provider[\"registry.terraform.io/hashicorp/aws\"]",
      "instances": [
        {
          "schema_version": 0,
          "attributes": {
            "allowed_pattern": "",
            "arn": "arn:aws:ssm:eu-central-1:092539430872:parameter/clock-up/dev/table/name",
            "data_type": "text",
            "description": "",
            "id": "/clock-up/dev/table/name",
            "insecure_value": null,
            "key_id": "",
            "name": "/clock-up/dev/table/name",
            "overwrite": null,
            "tags": {},
            "tags_all": {},
            "tier": "Standard",
            "type": "String",
            "value": "clock-up-table-dev",
            "version": 1
          },
          "sensitive_attributes": [],
          "private": "bnVsbA==",
          "dependencies": [
            "module.storage.aws_dynamodb_table.dynamoDb_table"
          ]
        }
      ]
    }
  ],
  "check_results": null
}
